
Microsoft Visual Studio Solution File, Format Version 12.00
# Visual Studio Version 17
VisualStudioVersion = 17.0.31903.59
MinimumVisualStudioVersion = 10.0.40219.1
Project("{FAE04EC0-301F-11D3-BF4B-00C04F79EFBC}") = "StringCalculator", "StringCalculator\StringCalculator.csproj", "{8D28FFC0-05DD-46D4-B983-C5056A4AB7E3}"
EndProject
Project("{FAE04EC0-301F-11D3-BF4B-00C04F79EFBC}") = "StringCalculator.Tests", "StringCalculator.Tests\StringCalculator.Tests.csproj", "{F0C27D22-1019-42D5-9CDA-B4F3E7552120}"
EndProject
Global
	GlobalSection(SolutionConfigurationPlatforms) = preSolution
		Debug|Any CPU = Debug|Any CPU
		Release|Any CPU = Release|Any CPU
	EndGlobalSection
	GlobalSection(SolutionProperties) = preSolution
		HideSolutionNode = FALSE
	EndGlobalSection
	GlobalSection(ProjectConfigurationPlatforms) = postSolution
		{8D28FFC0-05DD-46D4-B983-C5056A4AB7E3}.Debug|Any CPU.ActiveCfg = Debug|Any CPU
		{8D28FFC0-05DD-46D4-B983-C5056A4AB7E3}.Debug|Any CPU.Build.0 = Debug|Any CPU
		{8D28FFC0-05DD-46D4-B983-C5056A4AB7E3}.Release|Any CPU.ActiveCfg = Release|Any CPU
		{8D28FFC0-05DD-46D4-B983-C5056A4AB7E3}.Release|Any CPU.Build.0 = Release|Any CPU
		{F0C27D22-1019-42D5-9CDA-B4F3E7552120}.Debug|Any CPU.ActiveCfg = Debug|Any CPU
		{F0C27D22-1019-42D5-9CDA-B4F3E7552120}.Debug|Any CPU.Build.0 = Debug|Any CPU
		{F0C27D22-1019-42D5-9CDA-B4F3E7552120}.Release|Any CPU.ActiveCfg = Release|Any CPU
		{F0C27D22-1019-42D5-9CDA-B4F3E7552120}.Release|Any CPU.Build.0 = Release|Any CPU
	EndGlobalSection
EndGlobal
